
Microsoft Visual Studio Solution File, Format Version 12.00
# Visual Studio Version 17
VisualStudioVersion = 17.4.33122.133
MinimumVisualStudioVersion = 10.0.40219.1
Project("{FAE04EC0-301F-11D3-BF4B-00C04F79EFBC}") = "Sales_Management_System", "Sales_Management_System\Sales_Management_System.csproj", "{1CF61B5F-E866-4458-ADF1-644D9D1ED9EC}"
EndProject
Project("{FAE04EC0-301F-11D3-BF4B-00C04F79EFBC}") = "Core", "Core\Core.csproj", "{CA993125-C4CA-4AD2-A119-70D9CF595BE1}"
EndProject
Project("{FAE04EC0-301F-11D3-BF4B-00C04F79EFBC}") = "Infrastructure", "Infrastructure\Infrastructure.csproj", "{566BEB50-4B76-4B79-A18C-61FA3617DC50}"
EndProject
Global
	GlobalSection(SolutionConfigurationPlatforms) = preSolution
		Debug|Any CPU = Debug|Any CPU
		Release|Any CPU = Release|Any CPU
	EndGlobalSection
	GlobalSection(ProjectConfigurationPlatforms) = postSolution
		{1CF61B5F-E866-4458-ADF1-644D9D1ED9EC}.Debug|Any CPU.ActiveCfg = Debug|Any CPU
		{1CF61B5F-E866-4458-ADF1-644D9D1ED9EC}.Debug|Any CPU.Build.0 = Debug|Any CPU
		{1CF61B5F-E866-4458-ADF1-644D9D1ED9EC}.Release|Any CPU.ActiveCfg = Release|Any CPU
		{1CF61B5F-E866-4458-ADF1-644D9D1ED9EC}.Release|Any CPU.Build.0 = Release|Any CPU
		{CA993125-C4CA-4AD2-A119-70D9CF595BE1}.Debug|Any CPU.ActiveCfg = Debug|Any CPU
		{CA993125-C4CA-4AD2-A119-70D9CF595BE1}.Debug|Any CPU.Build.0 = Debug|Any CPU
		{CA993125-C4CA-4AD2-A119-70D9CF595BE1}.Release|Any CPU.ActiveCfg = Release|Any CPU
		{CA993125-C4CA-4AD2-A119-70D9CF595BE1}.Release|Any CPU.Build.0 = Release|Any CPU
		{566BEB50-4B76-4B79-A18C-61FA3617DC50}.Debug|Any CPU.ActiveCfg = Debug|Any CPU
		{566BEB50-4B76-4B79-A18C-61FA3617DC50}.Debug|Any CPU.Build.0 = Debug|Any CPU
		{566BEB50-4B76-4B79-A18C-61FA3617DC50}.Release|Any CPU.ActiveCfg = Release|Any CPU
		{566BEB50-4B76-4B79-A18C-61FA3617DC50}.Release|Any CPU.Build.0 = Release|Any CPU
	EndGlobalSection
	GlobalSection(SolutionProperties) = preSolution
		HideSolutionNode = FALSE
	EndGlobalSection
	GlobalSection(ExtensibilityGlobals) = postSolution
		SolutionGuid = {B23BF7A9-C557-461B-BBFC-E9C372F4C27B}
	EndGlobalSection
EndGlobal
